
Microsoft Visual Studio Solution File, Format Version 12.00
# Visual Studio 14
VisualStudioVersion = 14.0.24720.0
MinimumVisualStudioVersion = 10.0.40219.1
Project("{FAE04EC0-301F-11D3-BF4B-00C04F79EFBC}") = "HelloWorld", "WindowsFormsApplication1\HelloWorld.csproj", "{1CBE45C2-F617-4CF9-9290-0D9FB7902B14}"
EndProject
Project("{FAE04EC0-301F-11D3-BF4B-00C04F79EFBC}") = "ShowMousePosition", "ShowMousePosition\ShowMousePosition.csproj", "{EA8A9455-D20A-4770-8129-E44A18CEEB9D}"
EndProject
Global
	GlobalSection(SolutionConfigurationPlatforms) = preSolution
		Debug|Any CPU = Debug|Any CPU
		Release|Any CPU = Release|Any CPU
	EndGlobalSection
	GlobalSection(ProjectConfigurationPlatforms) = postSolution
		{1CBE45C2-F617-4CF9-9290-0D9FB7902B14}.Debug|Any CPU.ActiveCfg = Debug|Any CPU
		{1CBE45C2-F617-4CF9-9290-0D9FB7902B14}.Debug|Any CPU.Build.0 = Debug|Any CPU
		{1CBE45C2-F617-4CF9-9290-0D9FB7902B14}.Release|Any CPU.ActiveCfg = Release|Any CPU
		{1CBE45C2-F617-4CF9-9290-0D9FB7902B14}.Release|Any CPU.Build.0 = Release|Any CPU
		{EA8A9455-D20A-4770-8129-E44A18CEEB9D}.Debug|Any CPU.ActiveCfg = Debug|Any CPU
		{EA8A9455-D20A-4770-8129-E44A18CEEB9D}.Debug|Any CPU.Build.0 = Debug|Any CPU
		{EA8A9455-D20A-4770-8129-E44A18CEEB9D}.Release|Any CPU.ActiveCfg = Release|Any CPU
		{EA8A9455-D20A-4770-8129-E44A18CEEB9D}.Release|Any CPU.Build.0 = Release|Any CPU
	EndGlobalSection
	GlobalSection(SolutionProperties) = preSolution
		HideSolutionNode = FALSE
	EndGlobalSection
EndGlobal
